// !$*UTF8*$!
{
	archiveVersion = 1;
	classes = {
	};
	objectVersion = 77;
	objects = {

/* Begin PBXContainerItemProxy section */
		EA8843082D5B57ED001FE10A /* PBXContainerItemProxy */ = {
			isa = PBXContainerItemProxy;
			containerPortal = EA8842E92D5B57EB001FE10A /* Project object */;
			proxyType = 1;
			remoteGlobalIDString = EA8842F02D5B57EB001FE10A;
			remoteInfo = MakeTheFormula;
		};
		EA8843122D5B57ED001FE10A /* PBXContainerItemProxy */ = {
			isa = PBXContainerItemProxy;
			containerPortal = EA8842E92D5B57EB001FE10A /* Project object */;
			proxyType = 1;
			remoteGlobalIDString = EA8842F02D5B57EB001FE10A;
			remoteInfo = MakeTheFormula;
		};
/* End PBXContainerItemProxy section */

/* Begin PBXFileReference section */
		EA8842F12D5B57EB001FE10A /* MakeTheFormula.app */ = {isa = PBXFileReference; explicitFileType = wrapper.application; includeInIndex = 0; path = MakeTheFormula.app; sourceTree = BUILT_PRODUCTS_DIR; };
		EA8843072D5B57ED001FE10A /* MakeTheFormulaTests.xctest */ = {isa = PBXFileReference; explicitFileType = wrapper.cfbundle; includeInIndex = 0; path = MakeTheFormulaTests.xctest; sourceTree = BUILT_PRODUCTS_DIR; };
		EA8843112D5B57ED001FE10A /* MakeTheFormulaUITests.xctest */ = {isa = PBXFileReference; explicitFileType = wrapper.cfbundle; includeInIndex = 0; path = MakeTheFormulaUITests.xctest; sourceTree = BUILT_PRODUCTS_DIR; };
/* End PBXFileReference section */

/* Begin PBXFileSystemSynchronizedBuildFileExceptionSet section */
		EA8843192D5B57ED001FE10A /* Exceptions for "MakeTheFormula" folder in "MakeTheFormula" target */ = {
			isa = PBXFileSystemSynchronizedBuildFileExceptionSet;
			membershipExceptions = (
				Info.plist,
			);
			target = EA8842F02D5B57EB001FE10A /* MakeTheFormula */;
		};
/* End PBXFileSystemSynchronizedBuildFileExceptionSet section */

/* Begin PBXFileSystemSynchronizedRootGroup section */
		EA8842F32D5B57EB001FE10A /* MakeTheFormula */ = {
			isa = PBXFileSystemSynchronizedRootGroup;
			exceptions = (
				EA8843192D5B57ED001FE10A /* Exceptions for "MakeTheFormula" folder in "MakeTheFormula" target */,
			);
			path = MakeTheFormula;
			sourceTree = "<group>";
		};
		EA88430A2D5B57ED001FE10A /* MakeTheFormulaTests */ = {
			isa = PBXFileSystemSynchronizedRootGroup;
			path = MakeTheFormulaTests;
			sourceTree = "<group>";
		};
		EA8843142D5B57ED001FE10A /* MakeTheFormulaUITests */ = {
			isa = PBXFileSystemSynchronizedRootGroup;
			path = MakeTheFormulaUITests;
			sourceTree = "<group>";
		};
/* End PBXFileSystemSynchronizedRootGroup section */

/* Begin PBXFrameworksBuildPhase section */
		EA8842EE2D5B57EB001FE10A /* Frameworks */ = {
			isa = PBXFrameworksBuildPhase;
			buildActionMask = 2147483647;
			files = (
			);
			runOnlyForDeploymentPostprocessing = 0;
		};
		EA8843042D5B57ED001FE10A /* Frameworks */ = {
			isa = PBXFrameworksBuildPhase;
			buildActionMask = 2147483647;
			files = (
			);
			runOnlyForDeploymentPostprocessing = 0;
		};
		EA88430E2D5B57ED001FE10A /* Frameworks */ = {
			isa = PBXFrameworksBuildPhase;
			buildActionMask = 2147483647;
			files = (
			);
			runOnlyForDeploymentPostprocessing = 0;
		};
/* End PBXFrameworksBuildPhase section */

/* Begin PBXGroup section */
		EA8842E82D5B57EB001FE10A = {
			isa = PBXGroup;
			children = (
				EA8842F32D5B57EB001FE10A /* MakeTheFormula */,
				EA88430A2D5B57ED001FE10A /* MakeTheFormulaTests */,
				EA8843142D5B57ED001FE10A /* MakeTheFormulaUITests */,
				EA8842F22D5B57EB001FE10A /* Products */,
			);
			sourceTree = "<group>";
		};
		EA8842F22D5B57EB001FE10A /* Products */ = {
			isa = PBXGroup;
			children = (
				EA8842F12D5B57EB001FE10A /* MakeTheFormula.app */,
				EA8843072D5B57ED001FE10A /* MakeTheFormulaTests.xctest */,
				EA8843112D5B57ED001FE10A /* MakeTheFormulaUITests.xctest */,
			);
			name = Products;
			sourceTree = "<group>";
		};
/* End PBXGroup section */

/* Begin PBXNativeTarget section */
		EA8842F02D5B57EB001FE10A /* MakeTheFormula */ = {
			isa = PBXNativeTarget;
			buildConfigurationList = EA88431A2D5B57ED001FE10A /* Build configuration list for PBXNativeTarget "MakeTheFormula" */;
			buildPhases = (
				EA8842ED2D5B57EB001FE10A /* Sources */,
				EA8842EE2D5B57EB001FE10A /* Frameworks */,
				EA8842EF2D5B57EB001FE10A /* Resources */,
			);
			buildRules = (
			);
			dependencies = (
			);
			fileSystemSynchronizedGroups = (
				EA8842F32D5B57EB001FE10A /* MakeTheFormula */,
			);
			name = MakeTheFormula;
			packageProductDependencies = (
			);
			productName = MakeTheFormula;
			productReference = EA8842F12D5B57EB001FE10A /* MakeTheFormula.app */;
			productType = "com.apple.product-type.application";
		};
		EA8843062D5B57ED001FE10A /* MakeTheFormulaTests */ = {
			isa = PBXNativeTarget;
			buildConfigurationList = EA88431F2D5B57ED001FE10A /* Build configuration list for PBXNativeTarget "MakeTheFormulaTests" */;
			buildPhases = (
				EA8843032D5B57ED001FE10A /* Sources */,
				EA8843042D5B57ED001FE10A /* Frameworks */,
				EA8843052D5B57ED001FE10A /* Resources */,
			);
			buildRules = (
			);
			dependencies = (
				EA8843092D5B57ED001FE10A /* PBXTargetDependency */,
			);
			fileSystemSynchronizedGroups = (
				EA88430A2D5B57ED001FE10A /* MakeTheFormulaTests */,
			);
			name = MakeTheFormulaTests;
			packageProductDependencies = (
			);
			productName = MakeTheFormulaTests;
			productReference = EA8843072D5B57ED001FE10A /* MakeTheFormulaTests.xctest */;
			productType = "com.apple.product-type.bundle.unit-test";
		};
		EA8843102D5B57ED001FE10A /* MakeTheFormulaUITests */ = {
			isa = PBXNativeTarget;
			buildConfigurationList = EA8843222D5B57ED001FE10A /* Build configuration list for PBXNativeTarget "MakeTheFormulaUITests" */;
			buildPhases = (
				EA88430D2D5B57ED001FE10A /* Sources */,
				EA88430E2D5B57ED001FE10A /* Frameworks */,
				EA88430F2D5B57ED001FE10A /* Resources */,
			);
			buildRules = (
			);
			dependencies = (
				EA8843132D5B57ED001FE10A /* PBXTargetDependency */,
			);
			fileSystemSynchronizedGroups = (
				EA8843142D5B57ED001FE10A /* MakeTheFormulaUITests */,
			);
			name = MakeTheFormulaUITests;
			packageProductDependencies = (
			);
			productName = MakeTheFormulaUITests;
			productReference = EA8843112D5B57ED001FE10A /* MakeTheFormulaUITests.xctest */;
			productType = "com.apple.product-type.bundle.ui-testing";
		};
/* End PBXNativeTarget section */

/* Begin PBXProject section */
		EA8842E92D5B57EB001FE10A /* Project object */ = {
			isa = PBXProject;
			attributes = {
				BuildIndependentTargetsInParallel = 1;
				LastSwiftUpdateCheck = 1610;
				LastUpgradeCheck = 1610;
				TargetAttributes = {
					EA8842F02D5B57EB001FE10A = {
						CreatedOnToolsVersion = 16.1;
					};
					EA8843062D5B57ED001FE10A = {
						CreatedOnToolsVersion = 16.1;
						TestTargetID = EA8842F02D5B57EB001FE10A;
					};
					EA8843102D5B57ED001FE10A = {
						CreatedOnToolsVersion = 16.1;
						TestTargetID = EA8842F02D5B57EB001FE10A;
					};
				};
			};
			buildConfigurationList = EA8842EC2D5B57EB001FE10A /* Build configuration list for PBXProject "MakeTheFormula" */;
			developmentRegion = en;
			hasScannedForEncodings = 0;
			knownRegions = (
				en,
				Base,
			);
			mainGroup = EA8842E82D5B57EB001FE10A;
			minimizedProjectReferenceProxies = 1;
			preferredProjectObjectVersion = 77;
			productRefGroup = EA8842F22D5B57EB001FE10A /* Products */;
			projectDirPath = "";
			projectRoot = "";
			targets = (
				EA8842F02D5B57EB001FE10A /* MakeTheFormula */,
				EA8843062D5B57ED001FE10A /* MakeTheFormulaTests */,
				EA8843102D5B57ED001FE10A /* MakeTheFormulaUITests */,
			);
		};
/* End PBXProject section */

/* Begin PBXResourcesBuildPhase section */
		EA8842EF2D5B57EB001FE10A /* Resources */ = {
			isa = PBXResourcesBuildPhase;
			buildActionMask = 2147483647;
			files = (
			);
			runOnlyForDeploymentPostprocessing = 0;
		};
		EA8843052D5B57ED001FE10A /* Resources */ = {
			isa = PBXResourcesBuildPhase;
			buildActionMask = 2147483647;
			files = (
			);
			runOnlyForDeploymentPostprocessing = 0;
		};
		EA88430F2D5B57ED001FE10A /* Resources */ = {
			isa = PBXResourcesBuildPhase;
			buildActionMask = 2147483647;
			files = (
			);
			runOnlyForDeploymentPostprocessing = 0;
		};
/* End PBXResourcesBuildPhase section */

/* Begin PBXSourcesBuildPhase section */
		EA8842ED2D5B57EB001FE10A /* Sources */ = {
			isa = PBXSourcesBuildPhase;
			buildActionMask = 2147483647;
			files = (
			);
			runOnlyForDeploymentPostprocessing = 0;
		};
		EA8843032D5B57ED001FE10A /* Sources */ = {
			isa = PBXSourcesBuildPhase;
			buildActionMask = 2147483647;
			files = (
			);
			runOnlyForDeploymentPostprocessing = 0;
		};
		EA88430D2D5B57ED001FE10A /* Sources */ = {
			isa = PBXSourcesBuildPhase;
			buildActionMask = 2147483647;
			files = (
			);
			runOnlyForDeploymentPostprocessing = 0;
		};
/* End PBXSourcesBuildPhase section */

/* Begin PBXTargetDependency section */
		EA8843092D5B57ED001FE10A /* PBXTargetDependency */ = {
			isa = PBXTargetDependency;
			target = EA8842F02D5B57EB001FE10A /* MakeTheFormula */;
			targetProxy = EA8843082D5B57ED001FE10A /* PBXContainerItemProxy */;
		};
		EA8843132D5B57ED001FE10A /* PBXTargetDependency */ = {
			isa = PBXTargetDependency;
			target = EA8842F02D5B57EB001FE10A /* MakeTheFormula */;
			targetProxy = EA8843122D5B57ED001FE10A /* PBXContainerItemProxy */;
		};
/* End PBXTargetDependency section */

/* Begin XCBuildConfiguration section */
		EA88431B2D5B57ED001FE10A /* Debug */ = {
			isa = XCBuildConfiguration;
			buildSettings = {
				ASSETCATALOG_COMPILER_APPICON_NAME = AppIcon;
				ASSETCATALOG_COMPILER_GLOBAL_ACCENT_COLOR_NAME = AccentColor;
				CODE_SIGN_STYLE = Automatic;
				CURRENT_PROJECT_VERSION = 1;
				DEVELOPMENT_TEAM = 594U6NA8CJ;
				GENERATE_INFOPLIST_FILE = YES;
				INFOPLIST_FILE = MakeTheFormula/Info.plist;
				INFOPLIST_KEY_UIApplicationSupportsIndirectInputEvents = YES;
				INFOPLIST_KEY_UILaunchStoryboardName = LaunchScreen;
				INFOPLIST_KEY_UIMainStoryboardFile = Main;
				INFOPLIST_KEY_UISupportedInterfaceOrientations_iPad = "UIInterfaceOrientationPortrait UIInterfaceOrientationPortraitUpsideDown UIInterfaceOrientationLandscapeLeft UIInterfaceOrientationLandscapeRight";
				INFOPLIST_KEY_UISupportedInterfaceOrientations_iPhone = "UIInterfaceOrientationPortrait UIInterfaceOrientationLandscapeLeft UIInterfaceOrientationLandscapeRight";
				LD_RUNPATH_SEARCH_PATHS = (
					"$(inherited)",
					"@executable_path/Frameworks",
				);
				MARKETING_VERSION = 1.0;
				PRODUCT_BUNDLE_IDENTIFIER = com.daiki.MakeTheFormula;
				PRODUCT_NAME = "$(TARGET_NAME)";
				SWIFT_EMIT_LOC_STRINGS = YES;
				SWIFT_VERSION = 5.0;
				TARGETED_DEVICE_FAMILY = "1,2";
			};
			name = Debug;
		};
		EA88431C2D5B57ED001FE10A /* Release */ = {
			isa = XCBuildConfiguration;
			buildSettings = {
				ASSETCATALOG_COMPILER_APPICON_NAME = AppIcon;
				ASSETCATALOG_COMPILER_GLOBAL_ACCENT_COLOR_NAME = AccentColor;
				CODE_SIGN_STYLE = Automatic;
				CURRENT_PROJECT_VERSION = 1;
				DEVELOPMENT_TEAM = 594U6NA8CJ;
				GENERATE_INFOPLIST_FILE = YES;
				INFOPLIST_FILE = MakeTheFormula/Info.plist;
				INFOPLIST_KEY_UIApplicationSupportsIndirectInputEvents = YES;
				INFOPLIST_KEY_UILaunchStoryboardName = LaunchScreen;
				INFOPLIST_KEY_UIMainStoryboardFile = Main;
				INFOPLIST_KEY_UISupportedInterfaceOrientations_iPad = "UIInterfaceOrientationPortrait UIInterfaceOrientationPortraitUpsideDown UIInterfaceOrientationLandscapeLeft UIInterfaceOrientationLandscapeRight";
				INFOPLIST_KEY_UISupportedInterfaceOrientations_iPhone = "UIInterfaceOrientationPortrait UIInterfaceOrientationLandscapeLeft UIInterfaceOrientationLandscapeRight";
				LD_RUNPATH_SEARCH_PATHS = (
					"$(inherited)",
					"@executable_path/Frameworks",
				);
				MARKETING_VERSION = 1.0;
				PRODUCT_BUNDLE_IDENTIFIER = com.daiki.MakeTheFormula;
				PRODUCT_NAME = "$(TARGET_NAME)";
				SWIFT_EMIT_LOC_STRINGS = YES;
				SWIFT_VERSION = 5.0;
				TARGETED_DEVICE_FAMILY = "1,2";
			};
			name = Release;
		};
		EA88431D2D5B57ED001FE10A /* Debug */ = {
			isa = XCBuildConfiguration;
			buildSettings = {
				ALWAYS_SEARCH_USER_PATHS = NO;
				ASSETCATALOG_COMPILER_GENERATE_SWIFT_ASSET_SYMBOL_EXTENSIONS = YES;
				CLANG_ANALYZER_NONNULL = YES;
				CLANG_ANALYZER_NUMBER_OBJECT_CONVERSION = YES_AGGRESSIVE;
				CLANG_CXX_LANGUAGE_STANDARD = "gnu++20";
				CLANG_ENABLE_MODULES = YES;
				CLANG_ENABLE_OBJC_ARC = YES;
				CLANG_ENABLE_OBJC_WEAK = YES;
				CLANG_WARN_BLOCK_CAPTURE_AUTORELEASING = YES;
				CLANG_WARN_BOOL_CONVERSION = YES;
				CLANG_WARN_COMMA = YES;
				CLANG_WARN_CONSTANT_CONVERSION = YES;
				CLANG_WARN_DEPRECATED_OBJC_IMPLEMENTATIONS = YES;
				CLANG_WARN_DIRECT_OBJC_ISA_USAGE = YES_ERROR;
				CLANG_WARN_DOCUMENTATION_COMMENTS = YES;
				CLANG_WARN_EMPTY_BODY = YES;
				CLANG_WARN_ENUM_CONVERSION = YES;
				CLANG_WARN_INFINITE_RECURSION = YES;
				CLANG_WARN_INT_CONVERSION = YES;
				CLANG_WARN_NON_LITERAL_NULL_CONVERSION = YES;
				CLANG_WARN_OBJC_IMPLICIT_RETAIN_SELF = YES;
				CLANG_WARN_OBJC_LITERAL_CONVERSION = YES;
				CLANG_WARN_OBJC_ROOT_CLASS = YES_ERROR;
				CLANG_WARN_QUOTED_INCLUDE_IN_FRAMEWORK_HEADER = YES;
				CLANG_WARN_RANGE_LOOP_ANALYSIS = YES;
				CLANG_WARN_STRICT_PROTOTYPES = YES;
				CLANG_WARN_SUSPICIOUS_MOVE = YES;
				CLANG_WARN_UNGUARDED_AVAILABILITY = YES_AGGRESSIVE;
				CLANG_WARN_UNREACHABLE_CODE = YES;
				CLANG_WARN__DUPLICATE_METHOD_MATCH = YES;
				COPY_PHASE_STRIP = NO;
				DEBUG_INFORMATION_FORMAT = dwarf;
				ENABLE_STRICT_OBJC_MSGSEND = YES;
				ENABLE_TESTABILITY = YES;
				ENABLE_USER_SCRIPT_SANDBOXING = YES;
				GCC_C_LANGUAGE_STANDARD = gnu17;
				GCC_DYNAMIC_NO_PIC = NO;
				GCC_NO_COMMON_BLOCKS = YES;
				GCC_OPTIMIZATION_LEVEL = 0;
				GCC_PREPROCESSOR_DEFINITIONS = (
					"DEBUG=1",
					"$(inherited)",
				);
				GCC_WARN_64_TO_32_BIT_CONVERSION = YES;
				GCC_WARN_ABOUT_RETURN_TYPE = YES_ERROR;
				GCC_WARN_UNDECLARED_SELECTOR = YES;
				GCC_WARN_UNINITIALIZED_AUTOS = YES_AGGRESSIVE;
				GCC_WARN_UNUSED_FUNCTION = YES;
				GCC_WARN_UNUSED_VARIABLE = YES;
				IPHONEOS_DEPLOYMENT_TARGET = 18.1;
				LOCALIZATION_PREFERS_STRING_CATALOGS = YES;
				MTL_ENABLE_DEBUG_INFO = INCLUDE_SOURCE;
				MTL_FAST_MATH = YES;
				ONLY_ACTIVE_ARCH = YES;
				SDKROOT = iphoneos;
				SWIFT_ACTIVE_COMPILATION_CONDITIONS = "DEBUG $(inherited)";
				SWIFT_OPTIMIZATION_LEVEL = "-Onone";
			};
			name = Debug;
		};
		EA88431E2D5B57ED001FE10A /* Release */ = {
			isa = XCBuildConfiguration;
			buildSettings = {
				ALWAYS_SEARCH_USER_PATHS = NO;
				ASSETCATALOG_COMPILER_GENERATE_SWIFT_ASSET_SYMBOL_EXTENSIONS = YES;
				CLANG_ANALYZER_NONNULL = YES;
				CLANG_ANALYZER_NUMBER_OBJECT_CONVERSION = YES_AGGRESSIVE;
				CLANG_CXX_LANGUAGE_STANDARD = "gnu++20";
				CLANG_ENABLE_MODULES = YES;
				CLANG_ENABLE_OBJC_ARC = YES;
				CLANG_ENABLE_OBJC_WEAK = YES;
				CLANG_WARN_BLOCK_CAPTURE_AUTORELEASING = YES;
				CLANG_WARN_BOOL_CONVERSION = YES;
				CLANG_WARN_COMMA = YES;
				CLANG_WARN_CONSTANT_CONVERSION = YES;
				CLANG_WARN_DEPRECATED_OBJC_IMPLEMENTATIONS = YES;
				CLANG_WARN_DIRECT_OBJC_ISA_USAGE = YES_ERROR;
				CLANG_WARN_DOCUMENTATION_COMMENTS = YES;
				CLANG_WARN_EMPTY_BODY = YES;
				CLANG_WARN_ENUM_CONVERSION = YES;
				CLANG_WARN_INFINITE_RECURSION = YES;
				CLANG_WARN_INT_CONVERSION = YES;
				CLANG_WARN_NON_LITERAL_NULL_CONVERSION = YES;
				CLANG_WARN_OBJC_IMPLICIT_RETAIN_SELF = YES;
				CLANG_WARN_OBJC_LITERAL_CONVERSION = YES;
				CLANG_WARN_OBJC_ROOT_CLASS = YES_ERROR;
				CLANG_WARN_QUOTED_INCLUDE_IN_FRAMEWORK_HEADER = YES;
				CLANG_WARN_RANGE_LOOP_ANALYSIS = YES;
				CLANG_WARN_STRICT_PROTOTYPES = YES;
				CLANG_WARN_SUSPICIOUS_MOVE = YES;
				CLANG_WARN_UNGUARDED_AVAILABILITY = YES_AGGRESSIVE;
				CLANG_WARN_UNREACHABLE_CODE = YES;
				CLANG_WARN__DUPLICATE_METHOD_MATCH = YES;
				COPY_PHASE_STRIP = NO;
				DEBUG_INFORMATION_FORMAT = "dwarf-with-dsym";
				ENABLE_NS_ASSERTIONS = NO;
				ENABLE_STRICT_OBJC_MSGSEND = YES;
				ENABLE_USER_SCRIPT_SANDBOXING = YES;
				GCC_C_LANGUAGE_STANDARD = gnu17;
				GCC_NO_COMMON_BLOCKS = YES;
				GCC_WARN_64_TO_32_BIT_CONVERSION = YES;
				GCC_WARN_ABOUT_RETURN_TYPE = YES_ERROR;
				GCC_WARN_UNDECLARED_SELECTOR = YES;
				GCC_WARN_UNINITIALIZED_AUTOS = YES_AGGRESSIVE;
				GCC_WARN_UNUSED_FUNCTION = YES;
				GCC_WARN_UNUSED_VARIABLE = YES;
				IPHONEOS_DEPLOYMENT_TARGET = 18.1;
				LOCALIZATION_PREFERS_STRING_CATALOGS = YES;
				MTL_ENABLE_DEBUG_INFO = NO;
				MTL_FAST_MATH = YES;
				SDKROOT = iphoneos;
				SWIFT_COMPILATION_MODE = wholemodule;
				VALIDATE_PRODUCT = YES;
			};
			name = Release;
		};
		EA8843202D5B57ED001FE10A /* Debug */ = {
			isa = XCBuildConfiguration;
			buildSettings = {
				BUNDLE_LOADER = "$(TEST_HOST)";
				CODE_SIGN_STYLE = Automatic;
				CURRENT_PROJECT_VERSION = 1;
				DEVELOPMENT_TEAM = 594U6NA8CJ;
				GENERATE_INFOPLIST_FILE = YES;
				IPHONEOS_DEPLOYMENT_TARGET = 18.1;
				MARKETING_VERSION = 1.0;
				PRODUCT_BUNDLE_IDENTIFIER = com.daiki.MakeTheFormulaTests;
				PRODUCT_NAME = "$(TARGET_NAME)";
				SWIFT_EMIT_LOC_STRINGS = NO;
				SWIFT_VERSION = 5.0;
				TARGETED_DEVICE_FAMILY = "1,2";
				TEST_HOST = "$(BUILT_PRODUCTS_DIR)/MakeTheFormula.app/$(BUNDLE_EXECUTABLE_FOLDER_PATH)/MakeTheFormula";
			};
			name = Debug;
		};
		EA8843212D5B57ED001FE10A /* Release */ = {
			isa = XCBuildConfiguration;
			buildSettings = {
				BUNDLE_LOADER = "$(TEST_HOST)";
				CODE_SIGN_STYLE = Automatic;
				CURRENT_PROJECT_VERSION = 1;
				DEVELOPMENT_TEAM = 594U6NA8CJ;
				GENERATE_INFOPLIST_FILE = YES;
				IPHONEOS_DEPLOYMENT_TARGET = 18.1;
				MARKETING_VERSION = 1.0;
				PRODUCT_BUNDLE_IDENTIFIER = com.daiki.MakeTheFormulaTests;
				PRODUCT_NAME = "$(TARGET_NAME)";
				SWIFT_EMIT_LOC_STRINGS = NO;
				SWIFT_VERSION = 5.0;
				TARGETED_DEVICE_FAMILY = "1,2";
				TEST_HOST = "$(BUILT_PRODUCTS_DIR)/MakeTheFormula.app/$(BUNDLE_EXECUTABLE_FOLDER_PATH)/MakeTheFormula";
			};
			name = Release;
		};
		EA8843232D5B57ED001FE10A /* Debug */ = {
			isa = XCBuildConfiguration;
			buildSettings = {
				CODE_SIGN_STYLE = Automatic;
				CURRENT_PROJECT_VERSION = 1;
				DEVELOPMENT_TEAM = 594U6NA8CJ;
				GENERATE_INFOPLIST_FILE = YES;
				MARKETING_VERSION = 1.0;
				PRODUCT_BUNDLE_IDENTIFIER = com.daiki.MakeTheFormulaUITests;
				PRODUCT_NAME = "$(TARGET_NAME)";
				SWIFT_EMIT_LOC_STRINGS = NO;
				SWIFT_VERSION = 5.0;
				TARGETED_DEVICE_FAMILY = "1,2";
				TEST_TARGET_NAME = MakeTheFormula;
			};
			name = Debug;
		};
		EA8843242D5B57ED001FE10A /* Release */ = {
			isa = XCBuildConfiguration;
			buildSettings = {
				CODE_SIGN_STYLE = Automatic;
				CURRENT_PROJECT_VERSION = 1;
				DEVELOPMENT_TEAM = 594U6NA8CJ;
				GENERATE_INFOPLIST_FILE = YES;
				MARKETING_VERSION = 1.0;
				PRODUCT_BUNDLE_IDENTIFIER = com.daiki.MakeTheFormulaUITests;
				PRODUCT_NAME = "$(TARGET_NAME)";
				SWIFT_EMIT_LOC_STRINGS = NO;
				SWIFT_VERSION = 5.0;
				TARGETED_DEVICE_FAMILY = "1,2";
				TEST_TARGET_NAME = MakeTheFormula;
			};
			name = Release;
		};
/* End XCBuildConfiguration section */

/* Begin XCConfigurationList section */
		EA8842EC2D5B57EB001FE10A /* Build configuration list for PBXProject "MakeTheFormula" */ = {
			isa = XCConfigurationList;
			buildConfigurations = (
				EA88431D2D5B57ED001FE10A /* Debug */,
				EA88431E2D5B57ED001FE10A /* Release */,
			);
			defaultConfigurationIsVisible = 0;
			defaultConfigurationName = Release;
		};
		EA88431A2D5B57ED001FE10A /* Build configuration list for PBXNativeTarget "MakeTheFormula" */ = {
			isa = XCConfigurationList;
			buildConfigurations = (
				EA88431B2D5B57ED001FE10A /* Debug */,
				EA88431C2D5B57ED001FE10A /* Release */,
			);
			defaultConfigurationIsVisible = 0;
			defaultConfigurationName = Release;
		};
		EA88431F2D5B57ED001FE10A /* Build configuration list for PBXNativeTarget "MakeTheFormulaTests" */ = {
			isa = XCConfigurationList;
			buildConfigurations = (
				EA8843202D5B57ED001FE10A /* Debug */,
				EA8843212D5B57ED001FE10A /* Release */,
			);
			defaultConfigurationIsVisible = 0;
			defaultConfigurationName = Release;
		};
		EA8843222D5B57ED001FE10A /* Build configuration list for PBXNativeTarget "MakeTheFormulaUITests" */ = {
			isa = XCConfigurationList;
			buildConfigurations = (
				EA8843232D5B57ED001FE10A /* Debug */,
				EA8843242D5B57ED001FE10A /* Release */,
			);
			defaultConfigurationIsVisible = 0;
			defaultConfigurationName = Release;
		};
/* End XCConfigurationList section */
	};
	rootObject = EA8842E92D5B57EB001FE10A /* Project object */;
}
